// !$*UTF8*$!
{
	archiveVersion = 1;
	classes = {
	};
	objectVersion = 50;
	objects = {

/* Begin PBXBuildFile section */
		003B6E54257AC0CF001C9CB4 /* AdmiroSDK.h in Headers */ = {isa = PBXBuildFile; fileRef = 003B6E52257AC0CF001C9CB4 /* AdmiroSDK.h */; settings = {ATTRIBUTES = (Public, ); }; };
		003B6E5C257AC0E2001C9CB4 /* ADVersion.swift in Sources */ = {isa = PBXBuildFile; fileRef = 003B6E5B257AC0E2001C9CB4 /* ADVersion.swift */; };
		003B6E5E257AC113001C9CB4 /* ADVersion.swift in Headers */ = {isa = PBXBuildFile; fileRef = 003B6E5B257AC0E2001C9CB4 /* ADVersion.swift */; };
		007CDDDE257E26A2003561BC /* ADExtensions.swift in Sources */ = {isa = PBXBuildFile; fileRef = 007CDDDD257E26A2003561BC /* ADExtensions.swift */; };
		00B42695257C026900303BEF /* ADCameraViewController.swift in Sources */ = {isa = PBXBuildFile; fileRef = 00B42694257C026900303BEF /* ADCameraViewController.swift */; };
		00B426A8257C2B6700303BEF /* ADCameraViewController.swift in Headers */ = {isa = PBXBuildFile; fileRef = 00B42694257C026900303BEF /* ADCameraViewController.swift */; };
		00B426F6257C303C00303BEF /* ADOverlayView.swift in Sources */ = {isa = PBXBuildFile; fileRef = 00B426F5257C303C00303BEF /* ADOverlayView.swift */; };
		00B42702257C324D00303BEF /* ADFaceDetection.swift in Sources */ = {isa = PBXBuildFile; fileRef = 00B42701257C324D00303BEF /* ADFaceDetection.swift */; };
/* End PBXBuildFile section */

/* Begin PBXFileReference section */
		003B6E4F257AC0CF001C9CB4 /* AdmiroSDK.framework */ = {isa = PBXFileReference; explicitFileType = wrapper.framework; includeInIndex = 0; path = AdmiroSDK.framework; sourceTree = BUILT_PRODUCTS_DIR; };
		003B6E52257AC0CF001C9CB4 /* AdmiroSDK.h */ = {isa = PBXFileReference; lastKnownFileType = sourcecode.c.h; path = AdmiroSDK.h; sourceTree = "<group>"; };
		003B6E53257AC0CF001C9CB4 /* Info.plist */ = {isa = PBXFileReference; lastKnownFileType = text.plist.xml; path = Info.plist; sourceTree = "<group>"; };
		003B6E5B257AC0E2001C9CB4 /* ADVersion.swift */ = {isa = PBXFileReference; lastKnownFileType = sourcecode.swift; path = ADVersion.swift; sourceTree = "<group>"; };
		007CDDDD257E26A2003561BC /* ADExtensions.swift */ = {isa = PBXFileReference; lastKnownFileType = sourcecode.swift; path = ADExtensions.swift; sourceTree = "<group>"; };
		00B42694257C026900303BEF /* ADCameraViewController.swift */ = {isa = PBXFileReference; lastKnownFileType = sourcecode.swift; path = ADCameraViewController.swift; sourceTree = "<group>"; };
		00B426F5257C303C00303BEF /* ADOverlayView.swift */ = {isa = PBXFileReference; lastKnownFileType = sourcecode.swift; path = ADOverlayView.swift; sourceTree = "<group>"; };
		00B42701257C324D00303BEF /* ADFaceDetection.swift */ = {isa = PBXFileReference; lastKnownFileType = sourcecode.swift; path = ADFaceDetection.swift; sourceTree = "<group>"; };
/* End PBXFileReference section */

/* Begin PBXFrameworksBuildPhase section */
		003B6E4C257AC0CF001C9CB4 /* Frameworks */ = {
			isa = PBXFrameworksBuildPhase;
			buildActionMask = 2147483647;
			files = (
			);
			runOnlyForDeploymentPostprocessing = 0;
		};
/* End PBXFrameworksBuildPhase section */

/* Begin PBXGroup section */
		003B6E45257AC0CF001C9CB4 = {
			isa = PBXGroup;
			children = (
				003B6E51257AC0CF001C9CB4 /* AdmiroSDK */,
				003B6E50257AC0CF001C9CB4 /* Products */,
			);
			sourceTree = "<group>";
		};
		003B6E50257AC0CF001C9CB4 /* Products */ = {
			isa = PBXGroup;
			children = (
				003B6E4F257AC0CF001C9CB4 /* AdmiroSDK.framework */,
			);
			name = Products;
			sourceTree = "<group>";
		};
		003B6E51257AC0CF001C9CB4 /* AdmiroSDK */ = {
			isa = PBXGroup;
			children = (
				003B6E52257AC0CF001C9CB4 /* AdmiroSDK.h */,
				003B6E5B257AC0E2001C9CB4 /* ADVersion.swift */,
				00B42694257C026900303BEF /* ADCameraViewController.swift */,
				00B426F5257C303C00303BEF /* ADOverlayView.swift */,
				00B42701257C324D00303BEF /* ADFaceDetection.swift */,
				007CDDDD257E26A2003561BC /* ADExtensions.swift */,
				003B6E53257AC0CF001C9CB4 /* Info.plist */,
			);
			path = AdmiroSDK;
			sourceTree = "<group>";
		};
/* End PBXGroup section */

/* Begin PBXHeadersBuildPhase section */
		003B6E4A257AC0CF001C9CB4 /* Headers */ = {
			isa = PBXHeadersBuildPhase;
			buildActionMask = 2147483647;
			files = (
				003B6E54257AC0CF001C9CB4 /* AdmiroSDK.h in Headers */,
				00B426A8257C2B6700303BEF /* ADCameraViewController.swift in Headers */,
				003B6E5E257AC113001C9CB4 /* ADVersion.swift in Headers */,
			);
			runOnlyForDeploymentPostprocessing = 0;
		};
/* End PBXHeadersBuildPhase section */

/* Begin PBXNativeTarget section */
		003B6E4E257AC0CF001C9CB4 /* AdmiroSDK */ = {
			isa = PBXNativeTarget;
			buildConfigurationList = 003B6E57257AC0CF001C9CB4 /* Build configuration list for PBXNativeTarget "AdmiroSDK" */;
			buildPhases = (
				003B6E4A257AC0CF001C9CB4 /* Headers */,
				003B6E4B257AC0CF001C9CB4 /* Sources */,
				003B6E4C257AC0CF001C9CB4 /* Frameworks */,
				003B6E4D257AC0CF001C9CB4 /* Resources */,
			);
			buildRules = (
			);
			dependencies = (
			);
			name = AdmiroSDK;
			productName = AdmiroSDK;
			productReference = 003B6E4F257AC0CF001C9CB4 /* AdmiroSDK.framework */;
			productType = "com.apple.product-type.framework";
		};
/* End PBXNativeTarget section */

/* Begin PBXProject section */
		003B6E46257AC0CF001C9CB4 /* Project object */ = {
			isa = PBXProject;
			attributes = {
				LastUpgradeCheck = 1220;
				TargetAttributes = {
					003B6E4E257AC0CF001C9CB4 = {
						CreatedOnToolsVersion = 12.2;
						LastSwiftMigration = 1220;
					};
				};
			};
			buildConfigurationList = 003B6E49257AC0CF001C9CB4 /* Build configuration list for PBXProject "AdmiroSDK" */;
			compatibilityVersion = "Xcode 9.3";
			developmentRegion = en;
			hasScannedForEncodings = 0;
			knownRegions = (
				en,
				Base,
			);
			mainGroup = 003B6E45257AC0CF001C9CB4;
			productRefGroup = 003B6E50257AC0CF001C9CB4 /* Products */;
			projectDirPath = "";
			projectRoot = "";
			targets = (
				003B6E4E257AC0CF001C9CB4 /* AdmiroSDK */,
			);
		};
/* End PBXProject section */

/* Begin PBXResourcesBuildPhase section */
		003B6E4D257AC0CF001C9CB4 /* Resources */ = {
			isa = PBXResourcesBuildPhase;
			buildActionMask = 2147483647;
			files = (
			);
			runOnlyForDeploymentPostprocessing = 0;
		};
/* End PBXResourcesBuildPhase section */

/* Begin PBXSourcesBuildPhase section */
		003B6E4B257AC0CF001C9CB4 /* Sources */ = {
			isa = PBXSourcesBuildPhase;
			buildActionMask = 2147483647;
			files = (
				00B426F6257C303C00303BEF /* ADOverlayView.swift in Sources */,
				00B42695257C026900303BEF /* ADCameraViewController.swift in Sources */,
				007CDDDE257E26A2003561BC /* ADExtensions.swift in Sources */,
				003B6E5C257AC0E2001C9CB4 /* ADVersion.swift in Sources */,
				00B42702257C324D00303BEF /* ADFaceDetection.swift in Sources */,
			);
			runOnlyForDeploymentPostprocessing = 0;
		};
/* End PBXSourcesBuildPhase section */

/* Begin XCBuildConfiguration section */
		003B6E55257AC0CF001C9CB4 /* Debug */ = {
			isa = XCBuildConfiguration;
			buildSettings = {
				ALWAYS_SEARCH_USER_PATHS = NO;
				CLANG_ANALYZER_NONNULL = YES;
				CLANG_ANALYZER_NUMBER_OBJECT_CONVERSION = YES_AGGRESSIVE;
				CLANG_CXX_LANGUAGE_STANDARD = "gnu++14";
				CLANG_CXX_LIBRARY = "libc++";
				CLANG_ENABLE_MODULES = YES;
				CLANG_ENABLE_OBJC_ARC = YES;
				CLANG_ENABLE_OBJC_WEAK = YES;
				CLANG_WARN_BLOCK_CAPTURE_AUTORELEASING = YES;
				CLANG_WARN_BOOL_CONVERSION = YES;
				CLANG_WARN_COMMA = YES;
				CLANG_WARN_CONSTANT_CONVERSION = YES;
				CLANG_WARN_DEPRECATED_OBJC_IMPLEMENTATIONS = YES;
				CLANG_WARN_DIRECT_OBJC_ISA_USAGE = YES_ERROR;
				CLANG_WARN_DOCUMENTATION_COMMENTS = YES;
				CLANG_WARN_EMPTY_BODY = YES;
				CLANG_WARN_ENUM_CONVERSION = YES;
				CLANG_WARN_INFINITE_RECURSION = YES;
				CLANG_WARN_INT_CONVERSION = YES;
				CLANG_WARN_NON_LITERAL_NULL_CONVERSION = YES;
				CLANG_WARN_OBJC_IMPLICIT_RETAIN_SELF = YES;
				CLANG_WARN_OBJC_LITERAL_CONVERSION = YES;
				CLANG_WARN_OBJC_ROOT_CLASS = YES_ERROR;
				CLANG_WARN_QUOTED_INCLUDE_IN_FRAMEWORK_HEADER = YES;
				CLANG_WARN_RANGE_LOOP_ANALYSIS = YES;
				CLANG_WARN_STRICT_PROTOTYPES = YES;
				CLANG_WARN_SUSPICIOUS_MOVE = YES;
				CLANG_WARN_UNGUARDED_AVAILABILITY = YES_AGGRESSIVE;
				CLANG_WARN_UNREACHABLE_CODE = YES;
				CLANG_WARN__DUPLICATE_METHOD_MATCH = YES;
				COPY_PHASE_STRIP = NO;
				CURRENT_PROJECT_VERSION = 1;
				DEBUG_INFORMATION_FORMAT = dwarf;
				ENABLE_STRICT_OBJC_MSGSEND = YES;
				ENABLE_TESTABILITY = YES;
				GCC_C_LANGUAGE_STANDARD = gnu11;
				GCC_DYNAMIC_NO_PIC = NO;
				GCC_NO_COMMON_BLOCKS = YES;
				GCC_OPTIMIZATION_LEVEL = 0;
				GCC_PREPROCESSOR_DEFINITIONS = (
					"DEBUG=1",
					"$(inherited)",
				);
				GCC_WARN_64_TO_32_BIT_CONVERSION = YES;
				GCC_WARN_ABOUT_RETURN_TYPE = YES_ERROR;
				GCC_WARN_UNDECLARED_SELECTOR = YES;
				GCC_WARN_UNINITIALIZED_AUTOS = YES_AGGRESSIVE;
				GCC_WARN_UNUSED_FUNCTION = YES;
				GCC_WARN_UNUSED_VARIABLE = YES;
				IPHONEOS_DEPLOYMENT_TARGET = 11.0;
				MTL_ENABLE_DEBUG_INFO = INCLUDE_SOURCE;
				MTL_FAST_MATH = YES;
				ONLY_ACTIVE_ARCH = YES;
				SDKROOT = iphoneos;
				SWIFT_ACTIVE_COMPILATION_CONDITIONS = DEBUG;
				SWIFT_OPTIMIZATION_LEVEL = "-Onone";
				VERSIONING_SYSTEM = "apple-generic";
				VERSION_INFO_PREFIX = "";
			};
			name = Debug;
		};
		003B6E56257AC0CF001C9CB4 /* Release */ = {
			isa = XCBuildConfiguration;
			buildSettings = {
				ALWAYS_SEARCH_USER_PATHS = NO;
				CLANG_ANALYZER_NONNULL = YES;
				CLANG_ANALYZER_NUMBER_OBJECT_CONVERSION = YES_AGGRESSIVE;
				CLANG_CXX_LANGUAGE_STANDARD = "gnu++14";
				CLANG_CXX_LIBRARY = "libc++";
				CLANG_ENABLE_MODULES = YES;
				CLANG_ENABLE_OBJC_ARC = YES;
				CLANG_ENABLE_OBJC_WEAK = YES;
				CLANG_WARN_BLOCK_CAPTURE_AUTORELEASING = YES;
				CLANG_WARN_BOOL_CONVERSION = YES;
				CLANG_WARN_COMMA = YES;
				CLANG_WARN_CONSTANT_CONVERSION = YES;
				CLANG_WARN_DEPRECATED_OBJC_IMPLEMENTATIONS = YES;
				CLANG_WARN_DIRECT_OBJC_ISA_USAGE = YES_ERROR;
				CLANG_WARN_DOCUMENTATION_COMMENTS = YES;
				CLANG_WARN_EMPTY_BODY = YES;
				CLANG_WARN_ENUM_CONVERSION = YES;
				CLANG_WARN_INFINITE_RECURSION = YES;
				CLANG_WARN_INT_CONVERSION = YES;
				CLANG_WARN_NON_LITERAL_NULL_CONVERSION = YES;
				CLANG_WARN_OBJC_IMPLICIT_RETAIN_SELF = YES;
				CLANG_WARN_OBJC_LITERAL_CONVERSION = YES;
				CLANG_WARN_OBJC_ROOT_CLASS = YES_ERROR;
				CLANG_WARN_QUOTED_INCLUDE_IN_FRAMEWORK_HEADER = YES;
				CLANG_WARN_RANGE_LOOP_ANALYSIS = YES;
				CLANG_WARN_STRICT_PROTOTYPES = YES;
				CLANG_WARN_SUSPICIOUS_MOVE = YES;
				CLANG_WARN_UNGUARDED_AVAILABILITY = YES_AGGRESSIVE;
				CLANG_WARN_UNREACHABLE_CODE = YES;
				CLANG_WARN__DUPLICATE_METHOD_MATCH = YES;
				COPY_PHASE_STRIP = NO;
				CURRENT_PROJECT_VERSION = 1;
				DEBUG_INFORMATION_FORMAT = "dwarf-with-dsym";
				ENABLE_NS_ASSERTIONS = NO;
				ENABLE_STRICT_OBJC_MSGSEND = YES;
				GCC_C_LANGUAGE_STANDARD = gnu11;
				GCC_NO_COMMON_BLOCKS = YES;
				GCC_WARN_64_TO_32_BIT_CONVERSION = YES;
				GCC_WARN_ABOUT_RETURN_TYPE = YES_ERROR;
				GCC_WARN_UNDECLARED_SELECTOR = YES;
				GCC_WARN_UNINITIALIZED_AUTOS = YES_AGGRESSIVE;
				GCC_WARN_UNUSED_FUNCTION = YES;
				GCC_WARN_UNUSED_VARIABLE = YES;
				IPHONEOS_DEPLOYMENT_TARGET = 11.0;
				MTL_ENABLE_DEBUG_INFO = NO;
				MTL_FAST_MATH = YES;
				SDKROOT = iphoneos;
				SWIFT_COMPILATION_MODE = wholemodule;
				SWIFT_OPTIMIZATION_LEVEL = "-O";
				VALIDATE_PRODUCT = YES;
				VERSIONING_SYSTEM = "apple-generic";
				VERSION_INFO_PREFIX = "";
			};
			name = Release;
		};
		003B6E58257AC0CF001C9CB4 /* Debug */ = {
			isa = XCBuildConfiguration;
			buildSettings = {
				BUILD_LIBRARY_FOR_DISTRIBUTION = YES;
				CLANG_ENABLE_MODULES = YES;
				CODE_SIGN_STYLE = Automatic;
				DEFINES_MODULE = YES;
				DEVELOPMENT_TEAM = 9N5EX22VUM;
				DYLIB_COMPATIBILITY_VERSION = 1;
				DYLIB_CURRENT_VERSION = 1;
				DYLIB_INSTALL_NAME_BASE = "@rpath";
				"EXCLUDED_ARCHS[sdk=iphonesimulator*]" = arm64;
				INFOPLIST_FILE = AdmiroSDK/Info.plist;
				INSTALL_PATH = "$(LOCAL_LIBRARY_DIR)/Frameworks";
				IPHONEOS_DEPLOYMENT_TARGET = 11.0;
				LD_RUNPATH_SEARCH_PATHS = (
					"$(inherited)",
					"@executable_path/Frameworks",
					"@loader_path/Frameworks",
				);
				PRODUCT_BUNDLE_IDENTIFIER = com.scube.AdmiroSDK;
				PRODUCT_NAME = "$(TARGET_NAME:c99extidentifier)";
				SKIP_INSTALL = YES;
				SWIFT_OPTIMIZATION_LEVEL = "-Onone";
				SWIFT_VERSION = 5.0;
				TARGETED_DEVICE_FAMILY = "1,2";
			};
			name = Debug;
		};
		003B6E59257AC0CF001C9CB4 /* Release */ = {
			isa = XCBuildConfiguration;
			buildSettings = {
				BUILD_LIBRARY_FOR_DISTRIBUTION = YES;
				CLANG_ENABLE_MODULES = YES;
				CODE_SIGN_STYLE = Automatic;
				DEFINES_MODULE = YES;
				DEVELOPMENT_TEAM = 9N5EX22VUM;
				DYLIB_COMPATIBILITY_VERSION = 1;
				DYLIB_CURRENT_VERSION = 1;
				DYLIB_INSTALL_NAME_BASE = "@rpath";
				"EXCLUDED_ARCHS[sdk=iphonesimulator*]" = arm64;
				INFOPLIST_FILE = AdmiroSDK/Info.plist;
				INSTALL_PATH = "$(LOCAL_LIBRARY_DIR)/Frameworks";
				IPHONEOS_DEPLOYMENT_TARGET = 11.0;
				LD_RUNPATH_SEARCH_PATHS = (
					"$(inherited)",
					"@executable_path/Frameworks",
					"@loader_path/Frameworks",
				);
				PRODUCT_BUNDLE_IDENTIFIER = com.scube.AdmiroSDK;
				PRODUCT_NAME = "$(TARGET_NAME:c99extidentifier)";
				SKIP_INSTALL = YES;
				SWIFT_VERSION = 5.0;
				TARGETED_DEVICE_FAMILY = "1,2";
			};
			name = Release;
		};
/* End XCBuildConfiguration section */

/* Begin XCConfigurationList section */
		003B6E49257AC0CF001C9CB4 /* Build configuration list for PBXProject "AdmiroSDK" */ = {
			isa = XCConfigurationList;
			buildConfigurations = (
				003B6E55257AC0CF001C9CB4 /* Debug */,
				003B6E56257AC0CF001C9CB4 /* Release */,
			);
			defaultConfigurationIsVisible = 0;
			defaultConfigurationName = Release;
		};
		003B6E57257AC0CF001C9CB4 /* Build configuration list for PBXNativeTarget "AdmiroSDK" */ = {
			isa = XCConfigurationList;
			buildConfigurations = (
				003B6E58257AC0CF001C9CB4 /* Debug */,
				003B6E59257AC0CF001C9CB4 /* Release */,
			);
			defaultConfigurationIsVisible = 0;
			defaultConfigurationName = Release;
		};
/* End XCConfigurationList section */
	};
	rootObject = 003B6E46257AC0CF001C9CB4 /* Project object */;
}
